
Microsoft Visual Studio Solution File, Format Version 12.00
# Visual Studio 15
VisualStudioVersion = 15.0.27004.2002
MinimumVisualStudioVersion = 10.0.40219.1
Project("{FAE04EC0-301F-11D3-BF4B-00C04F79EFBC}") = "ClopeCon", "ClopeCon\ClopeCon.csproj", "{EAEC1707-2720-420F-AE25-277967018689}"
EndProject
Project("{FAE04EC0-301F-11D3-BF4B-00C04F79EFBC}") = "ClopeConTest", "ClopeConTest\ClopeConTest.csproj", "{4FF46F2F-D219-4167-844A-FD194A16C1DB}"
EndProject
Global
	GlobalSection(SolutionConfigurationPlatforms) = preSolution
		Debug|Any CPU = Debug|Any CPU
		Release|Any CPU = Release|Any CPU
	EndGlobalSection
	GlobalSection(ProjectConfigurationPlatforms) = postSolution
		{EAEC1707-2720-420F-AE25-277967018689}.Debug|Any CPU.ActiveCfg = Debug|Any CPU
		{EAEC1707-2720-420F-AE25-277967018689}.Debug|Any CPU.Build.0 = Debug|Any CPU
		{EAEC1707-2720-420F-AE25-277967018689}.Release|Any CPU.ActiveCfg = Release|Any CPU
		{EAEC1707-2720-420F-AE25-277967018689}.Release|Any CPU.Build.0 = Release|Any CPU
		{4FF46F2F-D219-4167-844A-FD194A16C1DB}.Debug|Any CPU.ActiveCfg = Debug|Any CPU
		{4FF46F2F-D219-4167-844A-FD194A16C1DB}.Debug|Any CPU.Build.0 = Debug|Any CPU
		{4FF46F2F-D219-4167-844A-FD194A16C1DB}.Release|Any CPU.ActiveCfg = Release|Any CPU
		{4FF46F2F-D219-4167-844A-FD194A16C1DB}.Release|Any CPU.Build.0 = Release|Any CPU
	EndGlobalSection
	GlobalSection(SolutionProperties) = preSolution
		HideSolutionNode = FALSE
	EndGlobalSection
	GlobalSection(ExtensibilityGlobals) = postSolution
		SolutionGuid = {FDFB3DB5-D384-4982-9E9C-AF0030FFB4A1}
	EndGlobalSection
EndGlobal
